# This file is generated by running "yarn install" inside your project.
# Manual changes might be lost - proceed with caution!

__metadata:
  version: 6
  cacheKey: 8

"@fortawesome/fontawesome-free@npm:^6.2.0":
  version: 6.2.0
  resolution: "@fortawesome/fontawesome-free@npm:6.2.0"
  checksum: fd3fcc0a963b907110922b5ac0ca67633aea20b5034102a1f5d285830f7f7a27f9c9de0c4a30228ccd2579bd8f95581a1bbef9519c7b74632e7012d60dd57bb7
  languageName: node
  linkType: hard

"root-workspace-0b6124@workspace:.":
  version: 0.0.0-use.local
  resolution: "root-workspace-0b6124@workspace:."
  dependencies:
    "@fortawesome/fontawesome-free": ^6.2.0
  languageName: unknown
  linkType: soft
